
Microsoft Visual Studio Solution File, Format Version 12.00
# Visual Studio Version 17
VisualStudioVersion = 17.14.36310.24
MinimumVisualStudioVersion = 10.0.40219.1
Project("{FAE04EC0-301F-11D3-BF4B-00C04F79EFBC}") = "CourseWork", "CourseWork\CourseWork.csproj", "{77B2549F-8860-4CFC-A96E-DDE917B86CD0}"
EndProject
Project("{2150E333-8FDC-42A3-9474-1A3956D46DE8}") = "InventoryManagement", "InventoryManagement", "{02EA681E-C7D8-13C7-8484-4AC65E1B71E8}"
EndProject
Project("{FAE04EC0-301F-11D3-BF4B-00C04F79EFBC}") = "InventoryManagement.Models", "InventoryManagement.Models\InventoryManagement.Models.csproj", "{9463740B-5A25-1E9C-17F3-98468CFB064A}"
EndProject
Project("{FAE04EC0-301F-11D3-BF4B-00C04F79EFBC}") = "InventoryManagement.Data", "InventoryManagement.Data\InventoryManagement.Data.csproj", "{BE10C66A-E6F1-2621-A9E7-1F5865E7B2F1}"
EndProject
Project("{FAE04EC0-301F-11D3-BF4B-00C04F79EFBC}") = "InventoryManagement.Services", "InventoryManagement.Services\InventoryManagement.Services.csproj", "{8F6A959C-4740-7CE5-1F10-F65CCED68DDE}"
EndProject
Project("{FAE04EC0-301F-11D3-BF4B-00C04F79EFBC}") = "InventoryManagement.Tests", "InventoryManagement.Tests\InventoryManagement.Tests.csproj", "{1388F588-FF03-4C72-B68A-F579BCD0C5DD}"
EndProject
Global
	GlobalSection(SolutionConfigurationPlatforms) = preSolution
		Debug|Any CPU = Debug|Any CPU
		Release|Any CPU = Release|Any CPU
	EndGlobalSection
	GlobalSection(ProjectConfigurationPlatforms) = postSolution
		{77B2549F-8860-4CFC-A96E-DDE917B86CD0}.Debug|Any CPU.ActiveCfg = Debug|Any CPU
		{77B2549F-8860-4CFC-A96E-DDE917B86CD0}.Debug|Any CPU.Build.0 = Debug|Any CPU
		{77B2549F-8860-4CFC-A96E-DDE917B86CD0}.Release|Any CPU.ActiveCfg = Release|Any CPU
		{77B2549F-8860-4CFC-A96E-DDE917B86CD0}.Release|Any CPU.Build.0 = Release|Any CPU
		{9463740B-5A25-1E9C-17F3-98468CFB064A}.Debug|Any CPU.ActiveCfg = Debug|Any CPU
		{9463740B-5A25-1E9C-17F3-98468CFB064A}.Debug|Any CPU.Build.0 = Debug|Any CPU
		{9463740B-5A25-1E9C-17F3-98468CFB064A}.Release|Any CPU.ActiveCfg = Release|Any CPU
		{9463740B-5A25-1E9C-17F3-98468CFB064A}.Release|Any CPU.Build.0 = Release|Any CPU
		{BE10C66A-E6F1-2621-A9E7-1F5865E7B2F1}.Debug|Any CPU.ActiveCfg = Debug|Any CPU
		{BE10C66A-E6F1-2621-A9E7-1F5865E7B2F1}.Debug|Any CPU.Build.0 = Debug|Any CPU
		{BE10C66A-E6F1-2621-A9E7-1F5865E7B2F1}.Release|Any CPU.ActiveCfg = Release|Any CPU
		{BE10C66A-E6F1-2621-A9E7-1F5865E7B2F1}.Release|Any CPU.Build.0 = Release|Any CPU
		{8F6A959C-4740-7CE5-1F10-F65CCED68DDE}.Debug|Any CPU.ActiveCfg = Debug|Any CPU
		{8F6A959C-4740-7CE5-1F10-F65CCED68DDE}.Debug|Any CPU.Build.0 = Debug|Any CPU
		{8F6A959C-4740-7CE5-1F10-F65CCED68DDE}.Release|Any CPU.ActiveCfg = Release|Any CPU
		{8F6A959C-4740-7CE5-1F10-F65CCED68DDE}.Release|Any CPU.Build.0 = Release|Any CPU
		{1388F588-FF03-4C72-B68A-F579BCD0C5DD}.Debug|Any CPU.ActiveCfg = Debug|Any CPU
		{1388F588-FF03-4C72-B68A-F579BCD0C5DD}.Debug|Any CPU.Build.0 = Debug|Any CPU
		{1388F588-FF03-4C72-B68A-F579BCD0C5DD}.Release|Any CPU.ActiveCfg = Release|Any CPU
		{1388F588-FF03-4C72-B68A-F579BCD0C5DD}.Release|Any CPU.Build.0 = Release|Any CPU
	EndGlobalSection
	GlobalSection(SolutionProperties) = preSolution
		HideSolutionNode = FALSE
	EndGlobalSection
	GlobalSection(NestedProjects) = preSolution
		{9463740B-5A25-1E9C-17F3-98468CFB064A} = {02EA681E-C7D8-13C7-8484-4AC65E1B71E8}
		{BE10C66A-E6F1-2621-A9E7-1F5865E7B2F1} = {02EA681E-C7D8-13C7-8484-4AC65E1B71E8}
		{8F6A959C-4740-7CE5-1F10-F65CCED68DDE} = {02EA681E-C7D8-13C7-8484-4AC65E1B71E8}
		{1388F588-FF03-4C72-B68A-F579BCD0C5DD} = {02EA681E-C7D8-13C7-8484-4AC65E1B71E8}
	EndGlobalSection
	GlobalSection(ExtensibilityGlobals) = postSolution
		SolutionGuid = {271627B4-C245-44D8-A202-7760682BC020}
	EndGlobalSection
EndGlobal
